// !$*UTF8*$!
{
	archiveVersion = 1;
	classes = {
	};
	objectVersion = 46;
	objects = {

/* Begin PBXBuildFile section */
		1CAE10A4198186D700DF1E69 /* Foundation.framework in Frameworks */ = {isa = PBXBuildFile; fileRef = 1CAE10A3198186D700DF1E69 /* Foundation.framework */; };
		1CAE10A6198186D700DF1E69 /* CoreGraphics.framework in Frameworks */ = {isa = PBXBuildFile; fileRef = 1CAE10A5198186D700DF1E69 /* CoreGraphics.framework */; };
		1CAE10A8198186D700DF1E69 /* UIKit.framework in Frameworks */ = {isa = PBXBuildFile; fileRef = 1CAE10A7198186D700DF1E69 /* UIKit.framework */; };
		1CAE10AA198186D700DF1E69 /* SpriteKit.framework in Frameworks */ = {isa = PBXBuildFile; fileRef = 1CAE10A9198186D700DF1E69 /* SpriteKit.framework */; };
		1CAE10B0198186D700DF1E69 /* InfoPlist.strings in Resources */ = {isa = PBXBuildFile; fileRef = 1CAE10AE198186D700DF1E69 /* InfoPlist.strings */; };
		1CAE10B2198186D700DF1E69 /* main.m in Sources */ = {isa = PBXBuildFile; fileRef = 1CAE10B1198186D700DF1E69 /* main.m */; };
		1CAE10B6198186D700DF1E69 /* AppDelegate.m in Sources */ = {isa = PBXBuildFile; fileRef = 1CAE10B5198186D700DF1E69 /* AppDelegate.m */; };
		1CAE10B9198186D700DF1E69 /* Main.storyboard in Resources */ = {isa = PBXBuildFile; fileRef = 1CAE10B7198186D700DF1E69 /* Main.storyboard */; };
		1CAE10BC198186D700DF1E69 /* ViewController.m in Sources */ = {isa = PBXBuildFile; fileRef = 1CAE10BB198186D700DF1E69 /* ViewController.m */; };
		1CAE10BF198186D700DF1E69 /* MyScene.m in Sources */ = {isa = PBXBuildFile; fileRef = 1CAE10BE198186D700DF1E69 /* MyScene.m */; };
		1CAE10C1198186D700DF1E69 /* Spaceship.png in Resources */ = {isa = PBXBuildFile; fileRef = 1CAE10C0198186D700DF1E69 /* Spaceship.png */; };
		1CAE10C3198186D700DF1E69 /* Images.xcassets in Resources */ = {isa = PBXBuildFile; fileRef = 1CAE10C2198186D700DF1E69 /* Images.xcassets */; };
		1CAE10CA198186D700DF1E69 /* XCTest.framework in Frameworks */ = {isa = PBXBuildFile; fileRef = 1CAE10C9198186D700DF1E69 /* XCTest.framework */; };
		1CAE10CB198186D700DF1E69 /* Foundation.framework in Frameworks */ = {isa = PBXBuildFile; fileRef = 1CAE10A3198186D700DF1E69 /* Foundation.framework */; };
		1CAE10CC198186D700DF1E69 /* UIKit.framework in Frameworks */ = {isa = PBXBuildFile; fileRef = 1CAE10A7198186D700DF1E69 /* UIKit.framework */; };
		1CAE10D4198186D700DF1E69 /* InfoPlist.strings in Resources */ = {isa = PBXBuildFile; fileRef = 1CAE10D2198186D700DF1E69 /* InfoPlist.strings */; };
		1CAE10D6198186D700DF1E69 /* BallTests.m in Sources */ = {isa = PBXBuildFile; fileRef = 1CAE10D5198186D700DF1E69 /* BallTests.m */; };
/* End PBXBuildFile section */

/* Begin PBXContainerItemProxy section */
		1CAE10CD198186D700DF1E69 /* PBXContainerItemProxy */ = {
			isa = PBXContainerItemProxy;
			containerPortal = 1CAE1098198186D700DF1E69 /* Project object */;
			proxyType = 1;
			remoteGlobalIDString = 1CAE109F198186D700DF1E69;
			remoteInfo = Ball;
		};
/* End PBXContainerItemProxy section */

/* Begin PBXFileReference section */
		1CAE10A0198186D700DF1E69 /* Ball.app */ = {isa = PBXFileReference; explicitFileType = wrapper.application; includeInIndex = 0; path = Ball.app; sourceTree = BUILT_PRODUCTS_DIR; };
		1CAE10A3198186D700DF1E69 /* Foundation.framework */ = {isa = PBXFileReference; lastKnownFileType = wrapper.framework; name = Foundation.framework; path = System/Library/Frameworks/Foundation.framework; sourceTree = SDKROOT; };
		1CAE10A5198186D700DF1E69 /* CoreGraphics.framework */ = {isa = PBXFileReference; lastKnownFileType = wrapper.framework; name = CoreGraphics.framework; path = System/Library/Frameworks/CoreGraphics.framework; sourceTree = SDKROOT; };
		1CAE10A7198186D700DF1E69 /* UIKit.framework */ = {isa = PBXFileReference; lastKnownFileType = wrapper.framework; name = UIKit.framework; path = System/Library/Frameworks/UIKit.framework; sourceTree = SDKROOT; };
		1CAE10A9198186D700DF1E69 /* SpriteKit.framework */ = {isa = PBXFileReference; lastKnownFileType = wrapper.framework; name = SpriteKit.framework; path = System/Library/Frameworks/SpriteKit.framework; sourceTree = SDKROOT; };
		1CAE10AD198186D700DF1E69 /* Ball-Info.plist */ = {isa = PBXFileReference; lastKnownFileType = text.plist.xml; path = "Ball-Info.plist"; sourceTree = "<group>"; };
		1CAE10AF198186D700DF1E69 /* en */ = {isa = PBXFileReference; lastKnownFileType = text.plist.strings; name = en; path = en.lproj/InfoPlist.strings; sourceTree = "<group>"; };
		1CAE10B1198186D700DF1E69 /* main.m */ = {isa = PBXFileReference; lastKnownFileType = sourcecode.c.objc; path = main.m; sourceTree = "<group>"; };
		1CAE10B3198186D700DF1E69 /* Ball-Prefix.pch */ = {isa = PBXFileReference; lastKnownFileType = sourcecode.c.h; path = "Ball-Prefix.pch"; sourceTree = "<group>"; };
		1CAE10B4198186D700DF1E69 /* AppDelegate.h */ = {isa = PBXFileReference; lastKnownFileType = sourcecode.c.h; path = AppDelegate.h; sourceTree = "<group>"; };
		1CAE10B5198186D700DF1E69 /* AppDelegate.m */ = {isa = PBXFileReference; lastKnownFileType = sourcecode.c.objc; path = AppDelegate.m; sourceTree = "<group>"; };
		1CAE10B8198186D700DF1E69 /* Base */ = {isa = PBXFileReference; lastKnownFileType = file.storyboard; name = Base; path = Base.lproj/Main.storyboard; sourceTree = "<group>"; };
		1CAE10BA198186D700DF1E69 /* ViewController.h */ = {isa = PBXFileReference; lastKnownFileType = sourcecode.c.h; path = ViewController.h; sourceTree = "<group>"; };
		1CAE10BB198186D700DF1E69 /* ViewController.m */ = {isa = PBXFileReference; lastKnownFileType = sourcecode.c.objc; path = ViewController.m; sourceTree = "<group>"; };
		1CAE10BD198186D700DF1E69 /* MyScene.h */ = {isa = PBXFileReference; lastKnownFileType = sourcecode.c.h; path = MyScene.h; sourceTree = "<group>"; };
		1CAE10BE198186D700DF1E69 /* MyScene.m */ = {isa = PBXFileReference; lastKnownFileType = sourcecode.c.objc; path = MyScene.m; sourceTree = "<group>"; };
		1CAE10C0198186D700DF1E69 /* Spaceship.png */ = {isa = PBXFileReference; lastKnownFileType = image.png; path = Spaceship.png; sourceTree = "<group>"; };
		1CAE10C2198186D700DF1E69 /* Images.xcassets */ = {isa = PBXFileReference; lastKnownFileType = folder.assetcatalog; path = Images.xcassets; sourceTree = "<group>"; };
		1CAE10C8198186D700DF1E69 /* BallTests.xctest */ = {isa = PBXFileReference; explicitFileType = wrapper.cfbundle; includeInIndex = 0; path = BallTests.xctest; sourceTree = BUILT_PRODUCTS_DIR; };
		1CAE10C9198186D700DF1E69 /* XCTest.framework */ = {isa = PBXFileReference; lastKnownFileType = wrapper.framework; name = XCTest.framework; path = Library/Frameworks/XCTest.framework; sourceTree = DEVELOPER_DIR; };
		1CAE10D1198186D700DF1E69 /* BallTests-Info.plist */ = {isa = PBXFileReference; lastKnownFileType = text.plist.xml; path = "BallTests-Info.plist"; sourceTree = "<group>"; };
		1CAE10D3198186D700DF1E69 /* en */ = {isa = PBXFileReference; lastKnownFileType = text.plist.strings; name = en; path = en.lproj/InfoPlist.strings; sourceTree = "<group>"; };
		1CAE10D5198186D700DF1E69 /* BallTests.m */ = {isa = PBXFileReference; lastKnownFileType = sourcecode.c.objc; path = BallTests.m; sourceTree = "<group>"; };
/* End PBXFileReference section */

/* Begin PBXFrameworksBuildPhase section */
		1CAE109D198186D700DF1E69 /* Frameworks */ = {
			isa = PBXFrameworksBuildPhase;
			buildActionMask = 2147483647;
			files = (
				1CAE10A6198186D700DF1E69 /* CoreGraphics.framework in Frameworks */,
				1CAE10A8198186D700DF1E69 /* UIKit.framework in Frameworks */,
				1CAE10AA198186D700DF1E69 /* SpriteKit.framework in Frameworks */,
				1CAE10A4198186D700DF1E69 /* Foundation.framework in Frameworks */,
			);
			runOnlyForDeploymentPostprocessing = 0;
		};
		1CAE10C5198186D700DF1E69 /* Frameworks */ = {
			isa = PBXFrameworksBuildPhase;
			buildActionMask = 2147483647;
			files = (
				1CAE10CA198186D700DF1E69 /* XCTest.framework in Frameworks */,
				1CAE10CC198186D700DF1E69 /* UIKit.framework in Frameworks */,
				1CAE10CB198186D700DF1E69 /* Foundation.framework in Frameworks */,
			);
			runOnlyForDeploymentPostprocessing = 0;
		};
/* End PBXFrameworksBuildPhase section */

/* Begin PBXGroup section */
		1CAE1097198186D700DF1E69 = {
			isa = PBXGroup;
			children = (
				1CAE10AB198186D700DF1E69 /* Ball */,
				1CAE10CF198186D700DF1E69 /* BallTests */,
				1CAE10A2198186D700DF1E69 /* Frameworks */,
				1CAE10A1198186D700DF1E69 /* Products */,
			);
			sourceTree = "<group>";
		};
		1CAE10A1198186D700DF1E69 /* Products */ = {
			isa = PBXGroup;
			children = (
				1CAE10A0198186D700DF1E69 /* Ball.app */,
				1CAE10C8198186D700DF1E69 /* BallTests.xctest */,
			);
			name = Products;
			sourceTree = "<group>";
		};
		1CAE10A2198186D700DF1E69 /* Frameworks */ = {
			isa = PBXGroup;
			children = (
				1CAE10A3198186D700DF1E69 /* Foundation.framework */,
				1CAE10A5198186D700DF1E69 /* CoreGraphics.framework */,
				1CAE10A7198186D700DF1E69 /* UIKit.framework */,
				1CAE10A9198186D700DF1E69 /* SpriteKit.framework */,
				1CAE10C9198186D700DF1E69 /* XCTest.framework */,
			);
			name = Frameworks;
			sourceTree = "<group>";
		};
		1CAE10AB198186D700DF1E69 /* Ball */ = {
			isa = PBXGroup;
			children = (
				1CAE10B4198186D700DF1E69 /* AppDelegate.h */,
				1CAE10B5198186D700DF1E69 /* AppDelegate.m */,
				1CAE10B7198186D700DF1E69 /* Main.storyboard */,
				1CAE10BA198186D700DF1E69 /* ViewController.h */,
				1CAE10BB198186D700DF1E69 /* ViewController.m */,
				1CAE10BD198186D700DF1E69 /* MyScene.h */,
				1CAE10BE198186D700DF1E69 /* MyScene.m */,
				1CAE10C0198186D700DF1E69 /* Spaceship.png */,
				1CAE10C2198186D700DF1E69 /* Images.xcassets */,
				1CAE10AC198186D700DF1E69 /* Supporting Files */,
			);
			path = Ball;
			sourceTree = "<group>";
		};
		1CAE10AC198186D700DF1E69 /* Supporting Files */ = {
			isa = PBXGroup;
			children = (
				1CAE10AD198186D700DF1E69 /* Ball-Info.plist */,
				1CAE10AE198186D700DF1E69 /* InfoPlist.strings */,
				1CAE10B1198186D700DF1E69 /* main.m */,
				1CAE10B3198186D700DF1E69 /* Ball-Prefix.pch */,
			);
			name = "Supporting Files";
			sourceTree = "<group>";
		};
		1CAE10CF198186D700DF1E69 /* BallTests */ = {
			isa = PBXGroup;
			children = (
				1CAE10D5198186D700DF1E69 /* BallTests.m */,
				1CAE10D0198186D700DF1E69 /* Supporting Files */,
			);
			path = BallTests;
			sourceTree = "<group>";
		};
		1CAE10D0198186D700DF1E69 /* Supporting Files */ = {
			isa = PBXGroup;
			children = (
				1CAE10D1198186D700DF1E69 /* BallTests-Info.plist */,
				1CAE10D2198186D700DF1E69 /* InfoPlist.strings */,
			);
			name = "Supporting Files";
			sourceTree = "<group>";
		};
/* End PBXGroup section */

/* Begin PBXNativeTarget section */
		1CAE109F198186D700DF1E69 /* Ball */ = {
			isa = PBXNativeTarget;
			buildConfigurationList = 1CAE10D9198186D700DF1E69 /* Build configuration list for PBXNativeTarget "Ball" */;
			buildPhases = (
				1CAE109C198186D700DF1E69 /* Sources */,
				1CAE109D198186D700DF1E69 /* Frameworks */,
				1CAE109E198186D700DF1E69 /* Resources */,
			);
			buildRules = (
			);
			dependencies = (
			);
			name = Ball;
			productName = Ball;
			productReference = 1CAE10A0198186D700DF1E69 /* Ball.app */;
			productType = "com.apple.product-type.application";
		};
		1CAE10C7198186D700DF1E69 /* BallTests */ = {
			isa = PBXNativeTarget;
			buildConfigurationList = 1CAE10DC198186D700DF1E69 /* Build configuration list for PBXNativeTarget "BallTests" */;
			buildPhases = (
				1CAE10C4198186D700DF1E69 /* Sources */,
				1CAE10C5198186D700DF1E69 /* Frameworks */,
				1CAE10C6198186D700DF1E69 /* Resources */,
			);
			buildRules = (
			);
			dependencies = (
				1CAE10CE198186D700DF1E69 /* PBXTargetDependency */,
			);
			name = BallTests;
			productName = BallTests;
			productReference = 1CAE10C8198186D700DF1E69 /* BallTests.xctest */;
			productType = "com.apple.product-type.bundle.unit-test";
		};
/* End PBXNativeTarget section */

/* Begin PBXProject section */
		1CAE1098198186D700DF1E69 /* Project object */ = {
			isa = PBXProject;
			attributes = {
				LastUpgradeCheck = 0510;
				ORGANIZATIONNAME = "Matheus Cardoso";
				TargetAttributes = {
					1CAE10C7198186D700DF1E69 = {
						TestTargetID = 1CAE109F198186D700DF1E69;
					};
				};
			};
			buildConfigurationList = 1CAE109B198186D700DF1E69 /* Build configuration list for PBXProject "Ball" */;
			compatibilityVersion = "Xcode 3.2";
			developmentRegion = English;
			hasScannedForEncodings = 0;
			knownRegions = (
				en,
				Base,
			);
			mainGroup = 1CAE1097198186D700DF1E69;
			productRefGroup = 1CAE10A1198186D700DF1E69 /* Products */;
			projectDirPath = "";
			projectRoot = "";
			targets = (
				1CAE109F198186D700DF1E69 /* Ball */,
				1CAE10C7198186D700DF1E69 /* BallTests */,
			);
		};
/* End PBXProject section */

/* Begin PBXResourcesBuildPhase section */
		1CAE109E198186D700DF1E69 /* Resources */ = {
			isa = PBXResourcesBuildPhase;
			buildActionMask = 2147483647;
			files = (
				1CAE10B0198186D700DF1E69 /* InfoPlist.strings in Resources */,
				1CAE10C3198186D700DF1E69 /* Images.xcassets in Resources */,
				1CAE10C1198186D700DF1E69 /* Spaceship.png in Resources */,
				1CAE10B9198186D700DF1E69 /* Main.storyboard in Resources */,
			);
			runOnlyForDeploymentPostprocessing = 0;
		};
		1CAE10C6198186D700DF1E69 /* Resources */ = {
			isa = PBXResourcesBuildPhase;
			buildActionMask = 2147483647;
			files = (
				1CAE10D4198186D700DF1E69 /* InfoPlist.strings in Resources */,
			);
			runOnlyForDeploymentPostprocessing = 0;
		};
/* End PBXResourcesBuildPhase section */

/* Begin PBXSourcesBuildPhase section */
		1CAE109C198186D700DF1E69 /* Sources */ = {
			isa = PBXSourcesBuildPhase;
			buildActionMask = 2147483647;
			files = (
				1CAE10BF198186D700DF1E69 /* MyScene.m in Sources */,
				1CAE10BC198186D700DF1E69 /* ViewController.m in Sources */,
				1CAE10B6198186D700DF1E69 /* AppDelegate.m in Sources */,
				1CAE10B2198186D700DF1E69 /* main.m in Sources */,
			);
			runOnlyForDeploymentPostprocessing = 0;
		};
		1CAE10C4198186D700DF1E69 /* Sources */ = {
			isa = PBXSourcesBuildPhase;
			buildActionMask = 2147483647;
			files = (
				1CAE10D6198186D700DF1E69 /* BallTests.m in Sources */,
			);
			runOnlyForDeploymentPostprocessing = 0;
		};
/* End PBXSourcesBuildPhase section */

/* Begin PBXTargetDependency section */
		1CAE10CE198186D700DF1E69 /* PBXTargetDependency */ = {
			isa = PBXTargetDependency;
			target = 1CAE109F198186D700DF1E69 /* Ball */;
			targetProxy = 1CAE10CD198186D700DF1E69 /* PBXContainerItemProxy */;
		};
/* End PBXTargetDependency section */

/* Begin PBXVariantGroup section */
		1CAE10AE198186D700DF1E69 /* InfoPlist.strings */ = {
			isa = PBXVariantGroup;
			children = (
				1CAE10AF198186D700DF1E69 /* en */,
			);
			name = InfoPlist.strings;
			sourceTree = "<group>";
		};
		1CAE10B7198186D700DF1E69 /* Main.storyboard */ = {
			isa = PBXVariantGroup;
			children = (
				1CAE10B8198186D700DF1E69 /* Base */,
			);
			name = Main.storyboard;
			sourceTree = "<group>";
		};
		1CAE10D2198186D700DF1E69 /* InfoPlist.strings */ = {
			isa = PBXVariantGroup;
			children = (
				1CAE10D3198186D700DF1E69 /* en */,
			);
			name = InfoPlist.strings;
			sourceTree = "<group>";
		};
/* End PBXVariantGroup section */

/* Begin XCBuildConfiguration section */
		1CAE10D7198186D700DF1E69 /* Debug */ = {
			isa = XCBuildConfiguration;
			buildSettings = {
				ALWAYS_SEARCH_USER_PATHS = NO;
				CLANG_CXX_LANGUAGE_STANDARD = "gnu++0x";
				CLANG_CXX_LIBRARY = "libc++";
				CLANG_ENABLE_MODULES = YES;
				CLANG_ENABLE_OBJC_ARC = YES;
				CLANG_WARN_BOOL_CONVERSION = YES;
				CLANG_WARN_CONSTANT_CONVERSION = YES;
				CLANG_WARN_DIRECT_OBJC_ISA_USAGE = YES_ERROR;
				CLANG_WARN_EMPTY_BODY = YES;
				CLANG_WARN_ENUM_CONVERSION = YES;
				CLANG_WARN_INT_CONVERSION = YES;
				CLANG_WARN_OBJC_ROOT_CLASS = YES_ERROR;
				CLANG_WARN__DUPLICATE_METHOD_MATCH = YES;
				"CODE_SIGN_IDENTITY[sdk=iphoneos*]" = "iPhone Developer";
				COPY_PHASE_STRIP = NO;
				GCC_C_LANGUAGE_STANDARD = gnu99;
				GCC_DYNAMIC_NO_PIC = NO;
				GCC_OPTIMIZATION_LEVEL = 0;
				GCC_PREPROCESSOR_DEFINITIONS = (
					"DEBUG=1",
					"$(inherited)",
				);
				GCC_SYMBOLS_PRIVATE_EXTERN = NO;
				GCC_WARN_64_TO_32_BIT_CONVERSION = YES;
				GCC_WARN_ABOUT_RETURN_TYPE = YES_ERROR;
				GCC_WARN_UNDECLARED_SELECTOR = YES;
				GCC_WARN_UNINITIALIZED_AUTOS = YES_AGGRESSIVE;
				GCC_WARN_UNUSED_FUNCTION = YES;
				GCC_WARN_UNUSED_VARIABLE = YES;
				IPHONEOS_DEPLOYMENT_TARGET = 7.1;
				ONLY_ACTIVE_ARCH = YES;
				SDKROOT = iphoneos;
			};
			name = Debug;
		};
		1CAE10D8198186D700DF1E69 /* Release */ = {
			isa = XCBuildConfiguration;
			buildSettings = {
				ALWAYS_SEARCH_USER_PATHS = NO;
				CLANG_CXX_LANGUAGE_STANDARD = "gnu++0x";
				CLANG_CXX_LIBRARY = "libc++";
				CLANG_ENABLE_MODULES = YES;
				CLANG_ENABLE_OBJC_ARC = YES;
				CLANG_WARN_BOOL_CONVERSION = YES;
				CLANG_WARN_CONSTANT_CONVERSION = YES;
				CLANG_WARN_DIRECT_OBJC_ISA_USAGE = YES_ERROR;
				CLANG_WARN_EMPTY_BODY = YES;
				CLANG_WARN_ENUM_CONVERSION = YES;
				CLANG_WARN_INT_CONVERSION = YES;
				CLANG_WARN_OBJC_ROOT_CLASS = YES_ERROR;
				CLANG_WARN__DUPLICATE_METHOD_MATCH = YES;
				"CODE_SIGN_IDENTITY[sdk=iphoneos*]" = "iPhone Developer";
				COPY_PHASE_STRIP = YES;
				ENABLE_NS_ASSERTIONS = NO;
				GCC_C_LANGUAGE_STANDARD = gnu99;
				GCC_WARN_64_TO_32_BIT_CONVERSION = YES;
				GCC_WARN_ABOUT_RETURN_TYPE = YES_ERROR;
				GCC_WARN_UNDECLARED_SELECTOR = YES;
				GCC_WARN_UNINITIALIZED_AUTOS = YES_AGGRESSIVE;
				GCC_WARN_UNUSED_FUNCTION = YES;
				GCC_WARN_UNUSED_VARIABLE = YES;
				IPHONEOS_DEPLOYMENT_TARGET = 7.1;
				SDKROOT = iphoneos;
				VALIDATE_PRODUCT = YES;
			};
			name = Release;
		};
		1CAE10DA198186D700DF1E69 /* Debug */ = {
			isa = XCBuildConfiguration;
			buildSettings = {
				ASSETCATALOG_COMPILER_APPICON_NAME = AppIcon;
				ASSETCATALOG_COMPILER_LAUNCHIMAGE_NAME = LaunchImage;
				GCC_PRECOMPILE_PREFIX_HEADER = YES;
				GCC_PREFIX_HEADER = "Ball/Ball-Prefix.pch";
				INFOPLIST_FILE = "Ball/Ball-Info.plist";
				PRODUCT_NAME = "$(TARGET_NAME)";
				SPRITEKIT_TEXTURE_ATLAS_OUTPUT = YES;
				WRAPPER_EXTENSION = app;
			};
			name = Debug;
		};
		1CAE10DB198186D700DF1E69 /* Release */ = {
			isa = XCBuildConfiguration;
			buildSettings = {
				ASSETCATALOG_COMPILER_APPICON_NAME = AppIcon;
				ASSETCATALOG_COMPILER_LAUNCHIMAGE_NAME = LaunchImage;
				GCC_PRECOMPILE_PREFIX_HEADER = YES;
				GCC_PREFIX_HEADER = "Ball/Ball-Prefix.pch";
				INFOPLIST_FILE = "Ball/Ball-Info.plist";
				PRODUCT_NAME = "$(TARGET_NAME)";
				SPRITEKIT_TEXTURE_ATLAS_OUTPUT = YES;
				WRAPPER_EXTENSION = app;
			};
			name = Release;
		};
		1CAE10DD198186D700DF1E69 /* Debug */ = {
			isa = XCBuildConfiguration;
			buildSettings = {
				BUNDLE_LOADER = "$(BUILT_PRODUCTS_DIR)/Ball.app/Ball";
				FRAMEWORK_SEARCH_PATHS = (
					"$(SDKROOT)/Developer/Library/Frameworks",
					"$(inherited)",
					"$(DEVELOPER_FRAMEWORKS_DIR)",
				);
				GCC_PRECOMPILE_PREFIX_HEADER = YES;
				GCC_PREFIX_HEADER = "Ball/Ball-Prefix.pch";
				GCC_PREPROCESSOR_DEFINITIONS = (
					"DEBUG=1",
					"$(inherited)",
				);
				INFOPLIST_FILE = "BallTests/BallTests-Info.plist";
				PRODUCT_NAME = "$(TARGET_NAME)";
				TEST_HOST = "$(BUNDLE_LOADER)";
				WRAPPER_EXTENSION = xctest;
			};
			name = Debug;
		};
		1CAE10DE198186D700DF1E69 /* Release */ = {
			isa = XCBuildConfiguration;
			buildSettings = {
				BUNDLE_LOADER = "$(BUILT_PRODUCTS_DIR)/Ball.app/Ball";
				FRAMEWORK_SEARCH_PATHS = (
					"$(SDKROOT)/Developer/Library/Frameworks",
					"$(inherited)",
					"$(DEVELOPER_FRAMEWORKS_DIR)",
				);
				GCC_PRECOMPILE_PREFIX_HEADER = YES;
				GCC_PREFIX_HEADER = "Ball/Ball-Prefix.pch";
				INFOPLIST_FILE = "BallTests/BallTests-Info.plist";
				PRODUCT_NAME = "$(TARGET_NAME)";
				TEST_HOST = "$(BUNDLE_LOADER)";
				WRAPPER_EXTENSION = xctest;
			};
			name = Release;
		};
/* End XCBuildConfiguration section */

/* Begin XCConfigurationList section */
		1CAE109B198186D700DF1E69 /* Build configuration list for PBXProject "Ball" */ = {
			isa = XCConfigurationList;
			buildConfigurations = (
				1CAE10D7198186D700DF1E69 /* Debug */,
				1CAE10D8198186D700DF1E69 /* Release */,
			);
			defaultConfigurationIsVisible = 0;
			defaultConfigurationName = Release;
		};
		1CAE10D9198186D700DF1E69 /* Build configuration list for PBXNativeTarget "Ball" */ = {
			isa = XCConfigurationList;
			buildConfigurations = (
				1CAE10DA198186D700DF1E69 /* Debug */,
				1CAE10DB198186D700DF1E69 /* Release */,
			);
			defaultConfigurationIsVisible = 0;
		};
		1CAE10DC198186D700DF1E69 /* Build configuration list for PBXNativeTarget "BallTests" */ = {
			isa = XCConfigurationList;
			buildConfigurations = (
				1CAE10DD198186D700DF1E69 /* Debug */,
				1CAE10DE198186D700DF1E69 /* Release */,
			);
			defaultConfigurationIsVisible = 0;
		};
/* End XCConfigurationList section */
	};
	rootObject = 1CAE1098198186D700DF1E69 /* Project object */;
}
